
Microsoft Visual Studio Solution File, Format Version 11.00
# Visual Studio 2010
Project("{FAE04EC0-301F-11D3-BF4B-00C04F79EFBC}") = "Assembly-CSharp", "Assembly-CSharp.csproj", "{01171aab-e495-24c9-2e4f-f00ee6e876c4}"
EndProject
Project("{FAE04EC0-301F-11D3-BF4B-00C04F79EFBC}") = "CFXRDemo", "CFXRDemo.csproj", "{537f803b-3472-15f3-7f83-07afbe8f8d66}"
EndProject
Project("{FAE04EC0-301F-11D3-BF4B-00C04F79EFBC}") = "CFXRRuntime", "CFXRRuntime.csproj", "{beeb0651-8dcd-ba1a-2525-252ef370cf58}"
EndProject
Project("{FAE04EC0-301F-11D3-BF4B-00C04F79EFBC}") = "CFXREditor", "CFXREditor.csproj", "{5c958d44-cf49-cb42-ac72-a1af9c54dcc8}"
EndProject
Project("{FAE04EC0-301F-11D3-BF4B-00C04F79EFBC}") = "CFXR.WelcomeScreen", "CFXR.WelcomeScreen.csproj", "{70a31d36-fe57-7f01-0a66-b81e7bb2928a}"
EndProject
Project("{FAE04EC0-301F-11D3-BF4B-00C04F79EFBC}") = "Assembly-CSharp-Editor", "Assembly-CSharp-Editor.csproj", "{e9a4efa3-0bab-9e22-e02d-d9cb23a4df6d}"
EndProject
Project("{FAE04EC0-301F-11D3-BF4B-00C04F79EFBC}") = "KinoBloom.Runtime", "KinoBloom.Runtime.csproj", "{f50a9872-175d-e31a-0778-db93e3ba2da0}"
EndProject
Project("{FAE04EC0-301F-11D3-BF4B-00C04F79EFBC}") = "ToonyColorsPro.Demo.Editor", "ToonyColorsPro.Demo.Editor.csproj", "{e8d67669-687b-10c6-6212-16e5f5d5c193}"
EndProject
Global
	GlobalSection(SolutionConfigurationPlatforms) = preSolution
		Debug|Any CPU = Debug|Any CPU
	EndGlobalSection
	GlobalSection(ProjectConfigurationPlatforms) = postSolution
		{01171aab-e495-24c9-2e4f-f00ee6e876c4}.Debug|Any CPU.ActiveCfg = Debug|Any CPU
		{01171aab-e495-24c9-2e4f-f00ee6e876c4}.Debug|Any CPU.Build.0 = Debug|Any CPU
		{537f803b-3472-15f3-7f83-07afbe8f8d66}.Debug|Any CPU.ActiveCfg = Debug|Any CPU
		{537f803b-3472-15f3-7f83-07afbe8f8d66}.Debug|Any CPU.Build.0 = Debug|Any CPU
		{beeb0651-8dcd-ba1a-2525-252ef370cf58}.Debug|Any CPU.ActiveCfg = Debug|Any CPU
		{beeb0651-8dcd-ba1a-2525-252ef370cf58}.Debug|Any CPU.Build.0 = Debug|Any CPU
		{5c958d44-cf49-cb42-ac72-a1af9c54dcc8}.Debug|Any CPU.ActiveCfg = Debug|Any CPU
		{5c958d44-cf49-cb42-ac72-a1af9c54dcc8}.Debug|Any CPU.Build.0 = Debug|Any CPU
		{70a31d36-fe57-7f01-0a66-b81e7bb2928a}.Debug|Any CPU.ActiveCfg = Debug|Any CPU
		{70a31d36-fe57-7f01-0a66-b81e7bb2928a}.Debug|Any CPU.Build.0 = Debug|Any CPU
		{e9a4efa3-0bab-9e22-e02d-d9cb23a4df6d}.Debug|Any CPU.ActiveCfg = Debug|Any CPU
		{e9a4efa3-0bab-9e22-e02d-d9cb23a4df6d}.Debug|Any CPU.Build.0 = Debug|Any CPU
		{f50a9872-175d-e31a-0778-db93e3ba2da0}.Debug|Any CPU.ActiveCfg = Debug|Any CPU
		{f50a9872-175d-e31a-0778-db93e3ba2da0}.Debug|Any CPU.Build.0 = Debug|Any CPU
		{e8d67669-687b-10c6-6212-16e5f5d5c193}.Debug|Any CPU.ActiveCfg = Debug|Any CPU
		{e8d67669-687b-10c6-6212-16e5f5d5c193}.Debug|Any CPU.Build.0 = Debug|Any CPU
	EndGlobalSection
	GlobalSection(SolutionProperties) = preSolution
		HideSolutionNode = FALSE
	EndGlobalSection
EndGlobal
